// !$*UTF8*$!
{
	archiveVersion = 1;
	classes = {
	};
	objectVersion = 56;
	objects = {

/* Begin PBXBuildFile section */
		0957F4EF6C12A26628794495 /* Pods_technicalTestMVPTests.framework in Frameworks */ = {isa = PBXBuildFile; fileRef = 09C47D6BB4851923101A4285 /* Pods_technicalTestMVPTests.framework */; };
		438E4C1831803B26530442E2 /* Pods_technicalTestMVP.framework in Frameworks */ = {isa = PBXBuildFile; fileRef = 10094607E871929EF66609C9 /* Pods_technicalTestMVP.framework */; };
		4C0D7544296427EB00352876 /* NetworkManagerMock.swift in Sources */ = {isa = PBXBuildFile; fileRef = 4C0D7543296427EB00352876 /* NetworkManagerMock.swift */; };
		4CBCBEED295433AD00683D2A /* AppDelegate.swift in Sources */ = {isa = PBXBuildFile; fileRef = 4CBCBEEC295433AD00683D2A /* AppDelegate.swift */; };
		4CBCBEEF295433AD00683D2A /* SceneDelegate.swift in Sources */ = {isa = PBXBuildFile; fileRef = 4CBCBEEE295433AD00683D2A /* SceneDelegate.swift */; };
		4CBCBEF1295433AD00683D2A /* TransactionsPresenter.swift in Sources */ = {isa = PBXBuildFile; fileRef = 4CBCBEF0295433AD00683D2A /* TransactionsPresenter.swift */; };
		4CBCBEF6295433AF00683D2A /* Assets.xcassets in Resources */ = {isa = PBXBuildFile; fileRef = 4CBCBEF5295433AF00683D2A /* Assets.xcassets */; };
		4CBCBEF9295433AF00683D2A /* LaunchScreen.storyboard in Resources */ = {isa = PBXBuildFile; fileRef = 4CBCBEF7295433AF00683D2A /* LaunchScreen.storyboard */; };
		4CBCBF04295433B000683D2A /* technicalTestMVPTests.swift in Sources */ = {isa = PBXBuildFile; fileRef = 4CBCBF03295433B000683D2A /* technicalTestMVPTests.swift */; };
		4CBCBF0E295433B000683D2A /* technicalTestMVPUITests.swift in Sources */ = {isa = PBXBuildFile; fileRef = 4CBCBF0D295433B000683D2A /* technicalTestMVPUITests.swift */; };
		4CBCBF10295433B000683D2A /* technicalTestMVPUITestsLaunchTests.swift in Sources */ = {isa = PBXBuildFile; fileRef = 4CBCBF0F295433B000683D2A /* technicalTestMVPUITestsLaunchTests.swift */; };
		4CBCBF222954387400683D2A /* TransactionsModel.swift in Sources */ = {isa = PBXBuildFile; fileRef = 4CBCBF212954387400683D2A /* TransactionsModel.swift */; };
		4CBCBF24295438A900683D2A /* TransactionsView.swift in Sources */ = {isa = PBXBuildFile; fileRef = 4CBCBF23295438A900683D2A /* TransactionsView.swift */; };
		4CBCBF2929543B3B00683D2A /* TransactionCell.swift in Sources */ = {isa = PBXBuildFile; fileRef = 4CBCBF2729543B3B00683D2A /* TransactionCell.swift */; };
		4CBCBF2A29543B3B00683D2A /* TransactionCell.xib in Resources */ = {isa = PBXBuildFile; fileRef = 4CBCBF2829543B3B00683D2A /* TransactionCell.xib */; };
		4CBCBF2C2954421100683D2A /* TransactionsView.xib in Resources */ = {isa = PBXBuildFile; fileRef = 4CBCBF2B2954421100683D2A /* TransactionsView.xib */; };
		4CE5D8DB295AD2AA00D38762 /* NetworkManager.swift in Sources */ = {isa = PBXBuildFile; fileRef = 4CE5D8DA295AD2AA00D38762 /* NetworkManager.swift */; };
		B1040C74E51E9787AB22E659 /* Pods_technicalTestMVP_technicalTestMVPUITests.framework in Frameworks */ = {isa = PBXBuildFile; fileRef = 00AF4B3345B12F64527A0D8A /* Pods_technicalTestMVP_technicalTestMVPUITests.framework */; };
/* End PBXBuildFile section */

/* Begin PBXContainerItemProxy section */
		4CBCBF00295433B000683D2A /* PBXContainerItemProxy */ = {
			isa = PBXContainerItemProxy;
			containerPortal = 4CBCBEE1295433AC00683D2A /* Project object */;
			proxyType = 1;
			remoteGlobalIDString = 4CBCBEE8295433AD00683D2A;
			remoteInfo = technicalTestMVP;
		};
		4CBCBF0A295433B000683D2A /* PBXContainerItemProxy */ = {
			isa = PBXContainerItemProxy;
			containerPortal = 4CBCBEE1295433AC00683D2A /* Project object */;
			proxyType = 1;
			remoteGlobalIDString = 4CBCBEE8295433AD00683D2A;
			remoteInfo = technicalTestMVP;
		};
/* End PBXContainerItemProxy section */

/* Begin PBXFileReference section */
		00AF4B3345B12F64527A0D8A /* Pods_technicalTestMVP_technicalTestMVPUITests.framework */ = {isa = PBXFileReference; explicitFileType = wrapper.framework; includeInIndex = 0; path = Pods_technicalTestMVP_technicalTestMVPUITests.framework; sourceTree = BUILT_PRODUCTS_DIR; };
		09C47D6BB4851923101A4285 /* Pods_technicalTestMVPTests.framework */ = {isa = PBXFileReference; explicitFileType = wrapper.framework; includeInIndex = 0; path = Pods_technicalTestMVPTests.framework; sourceTree = BUILT_PRODUCTS_DIR; };
		10094607E871929EF66609C9 /* Pods_technicalTestMVP.framework */ = {isa = PBXFileReference; explicitFileType = wrapper.framework; includeInIndex = 0; path = Pods_technicalTestMVP.framework; sourceTree = BUILT_PRODUCTS_DIR; };
		33D30CD2F0DD3BAF67DD1A64 /* Pods-technicalTestMVP-technicalTestMVPUITests.debug.xcconfig */ = {isa = PBXFileReference; includeInIndex = 1; lastKnownFileType = text.xcconfig; name = "Pods-technicalTestMVP-technicalTestMVPUITests.debug.xcconfig"; path = "Target Support Files/Pods-technicalTestMVP-technicalTestMVPUITests/Pods-technicalTestMVP-technicalTestMVPUITests.debug.xcconfig"; sourceTree = "<group>"; };
		3A5E9B5D14EC5209E4F09FF5 /* Pods-technicalTestMVPTests.release.xcconfig */ = {isa = PBXFileReference; includeInIndex = 1; lastKnownFileType = text.xcconfig; name = "Pods-technicalTestMVPTests.release.xcconfig"; path = "Target Support Files/Pods-technicalTestMVPTests/Pods-technicalTestMVPTests.release.xcconfig"; sourceTree = "<group>"; };
		4C0D7543296427EB00352876 /* NetworkManagerMock.swift */ = {isa = PBXFileReference; lastKnownFileType = sourcecode.swift; path = NetworkManagerMock.swift; sourceTree = "<group>"; };
		4CBCBEE9295433AD00683D2A /* technicalTestMVP.app */ = {isa = PBXFileReference; explicitFileType = wrapper.application; includeInIndex = 0; path = technicalTestMVP.app; sourceTree = BUILT_PRODUCTS_DIR; };
		4CBCBEEC295433AD00683D2A /* AppDelegate.swift */ = {isa = PBXFileReference; lastKnownFileType = sourcecode.swift; path = AppDelegate.swift; sourceTree = "<group>"; };
		4CBCBEEE295433AD00683D2A /* SceneDelegate.swift */ = {isa = PBXFileReference; lastKnownFileType = sourcecode.swift; path = SceneDelegate.swift; sourceTree = "<group>"; };
		4CBCBEF0295433AD00683D2A /* TransactionsPresenter.swift */ = {isa = PBXFileReference; lastKnownFileType = sourcecode.swift; path = TransactionsPresenter.swift; sourceTree = "<group>"; };
		4CBCBEF5295433AF00683D2A /* Assets.xcassets */ = {isa = PBXFileReference; lastKnownFileType = folder.assetcatalog; path = Assets.xcassets; sourceTree = "<group>"; };
		4CBCBEF8295433AF00683D2A /* Base */ = {isa = PBXFileReference; lastKnownFileType = file.storyboard; name = Base; path = Base.lproj/LaunchScreen.storyboard; sourceTree = "<group>"; };
		4CBCBEFA295433AF00683D2A /* Info.plist */ = {isa = PBXFileReference; lastKnownFileType = text.plist.xml; path = Info.plist; sourceTree = "<group>"; };
		4CBCBEFF295433B000683D2A /* technicalTestMVPTests.xctest */ = {isa = PBXFileReference; explicitFileType = wrapper.cfbundle; includeInIndex = 0; path = technicalTestMVPTests.xctest; sourceTree = BUILT_PRODUCTS_DIR; };
		4CBCBF03295433B000683D2A /* technicalTestMVPTests.swift */ = {isa = PBXFileReference; lastKnownFileType = sourcecode.swift; path = technicalTestMVPTests.swift; sourceTree = "<group>"; };
		4CBCBF09295433B000683D2A /* technicalTestMVPUITests.xctest */ = {isa = PBXFileReference; explicitFileType = wrapper.cfbundle; includeInIndex = 0; path = technicalTestMVPUITests.xctest; sourceTree = BUILT_PRODUCTS_DIR; };
		4CBCBF0D295433B000683D2A /* technicalTestMVPUITests.swift */ = {isa = PBXFileReference; lastKnownFileType = sourcecode.swift; path = technicalTestMVPUITests.swift; sourceTree = "<group>"; };
		4CBCBF0F295433B000683D2A /* technicalTestMVPUITestsLaunchTests.swift */ = {isa = PBXFileReference; lastKnownFileType = sourcecode.swift; path = technicalTestMVPUITestsLaunchTests.swift; sourceTree = "<group>"; };
		4CBCBF212954387400683D2A /* TransactionsModel.swift */ = {isa = PBXFileReference; lastKnownFileType = sourcecode.swift; path = TransactionsModel.swift; sourceTree = "<group>"; };
		4CBCBF23295438A900683D2A /* TransactionsView.swift */ = {isa = PBXFileReference; lastKnownFileType = sourcecode.swift; path = TransactionsView.swift; sourceTree = "<group>"; };
		4CBCBF2729543B3B00683D2A /* TransactionCell.swift */ = {isa = PBXFileReference; lastKnownFileType = sourcecode.swift; path = TransactionCell.swift; sourceTree = "<group>"; };
		4CBCBF2829543B3B00683D2A /* TransactionCell.xib */ = {isa = PBXFileReference; lastKnownFileType = file.xib; path = TransactionCell.xib; sourceTree = "<group>"; };
		4CBCBF2B2954421100683D2A /* TransactionsView.xib */ = {isa = PBXFileReference; lastKnownFileType = file.xib; path = TransactionsView.xib; sourceTree = "<group>"; };
		4CE5D8DA295AD2AA00D38762 /* NetworkManager.swift */ = {isa = PBXFileReference; lastKnownFileType = sourcecode.swift; path = NetworkManager.swift; sourceTree = "<group>"; };
		9350FD57DF7549476F6C2269 /* Pods-technicalTestMVP-technicalTestMVPUITests.release.xcconfig */ = {isa = PBXFileReference; includeInIndex = 1; lastKnownFileType = text.xcconfig; name = "Pods-technicalTestMVP-technicalTestMVPUITests.release.xcconfig"; path = "Target Support Files/Pods-technicalTestMVP-technicalTestMVPUITests/Pods-technicalTestMVP-technicalTestMVPUITests.release.xcconfig"; sourceTree = "<group>"; };
		E756667B95205AED4D4A7925 /* Pods-technicalTestMVP.debug.xcconfig */ = {isa = PBXFileReference; includeInIndex = 1; lastKnownFileType = text.xcconfig; name = "Pods-technicalTestMVP.debug.xcconfig"; path = "Target Support Files/Pods-technicalTestMVP/Pods-technicalTestMVP.debug.xcconfig"; sourceTree = "<group>"; };
		EAA13184688DC9169461F785 /* Pods-technicalTestMVP.release.xcconfig */ = {isa = PBXFileReference; includeInIndex = 1; lastKnownFileType = text.xcconfig; name = "Pods-technicalTestMVP.release.xcconfig"; path = "Target Support Files/Pods-technicalTestMVP/Pods-technicalTestMVP.release.xcconfig"; sourceTree = "<group>"; };
		F26E9D7BDD68911F6B7043C7 /* Pods-technicalTestMVPTests.debug.xcconfig */ = {isa = PBXFileReference; includeInIndex = 1; lastKnownFileType = text.xcconfig; name = "Pods-technicalTestMVPTests.debug.xcconfig"; path = "Target Support Files/Pods-technicalTestMVPTests/Pods-technicalTestMVPTests.debug.xcconfig"; sourceTree = "<group>"; };
/* End PBXFileReference section */

/* Begin PBXFrameworksBuildPhase section */
		4CBCBEE6295433AD00683D2A /* Frameworks */ = {
			isa = PBXFrameworksBuildPhase;
			buildActionMask = 2147483647;
			files = (
				438E4C1831803B26530442E2 /* Pods_technicalTestMVP.framework in Frameworks */,
			);
			runOnlyForDeploymentPostprocessing = 0;
		};
		4CBCBEFC295433B000683D2A /* Frameworks */ = {
			isa = PBXFrameworksBuildPhase;
			buildActionMask = 2147483647;
			files = (
				0957F4EF6C12A26628794495 /* Pods_technicalTestMVPTests.framework in Frameworks */,
			);
			runOnlyForDeploymentPostprocessing = 0;
		};
		4CBCBF06295433B000683D2A /* Frameworks */ = {
			isa = PBXFrameworksBuildPhase;
			buildActionMask = 2147483647;
			files = (
				B1040C74E51E9787AB22E659 /* Pods_technicalTestMVP_technicalTestMVPUITests.framework in Frameworks */,
			);
			runOnlyForDeploymentPostprocessing = 0;
		};
/* End PBXFrameworksBuildPhase section */

/* Begin PBXGroup section */
		4CBCBEE0295433AC00683D2A = {
			isa = PBXGroup;
			children = (
				4CBCBEEB295433AD00683D2A /* technicalTestMVP */,
				4CBCBF02295433B000683D2A /* technicalTestMVPTests */,
				4CBCBF0C295433B000683D2A /* technicalTestMVPUITests */,
				4CBCBEEA295433AD00683D2A /* Products */,
				A088F6131D799A82469F7BBD /* Pods */,
				60957C2F146ACA87E513C754 /* Frameworks */,
			);
			sourceTree = "<group>";
		};
		4CBCBEEA295433AD00683D2A /* Products */ = {
			isa = PBXGroup;
			children = (
				4CBCBEE9295433AD00683D2A /* technicalTestMVP.app */,
				4CBCBEFF295433B000683D2A /* technicalTestMVPTests.xctest */,
				4CBCBF09295433B000683D2A /* technicalTestMVPUITests.xctest */,
			);
			name = Products;
			sourceTree = "<group>";
		};
		4CBCBEEB295433AD00683D2A /* technicalTestMVP */ = {
			isa = PBXGroup;
			children = (
				4CBCBEEC295433AD00683D2A /* AppDelegate.swift */,
				4CBCBEEE295433AD00683D2A /* SceneDelegate.swift */,
				4CE5D8DA295AD2AA00D38762 /* NetworkManager.swift */,
				4CBCBF1D2954384700683D2A /* Models */,
				4CBCBF1E2954384E00683D2A /* Presenters */,
				4CBCBF1F2954385400683D2A /* Views */,
				4CBCBEF5295433AF00683D2A /* Assets.xcassets */,
				4CBCBEF7295433AF00683D2A /* LaunchScreen.storyboard */,
				4CBCBEFA295433AF00683D2A /* Info.plist */,
			);
			path = technicalTestMVP;
			sourceTree = "<group>";
		};
		4CBCBF02295433B000683D2A /* technicalTestMVPTests */ = {
			isa = PBXGroup;
			children = (
				4CBCBF03295433B000683D2A /* technicalTestMVPTests.swift */,
				4C0D7543296427EB00352876 /* NetworkManagerMock.swift */,
			);
			path = technicalTestMVPTests;
			sourceTree = "<group>";
		};
		4CBCBF0C295433B000683D2A /* technicalTestMVPUITests */ = {
			isa = PBXGroup;
			children = (
				4CBCBF0D295433B000683D2A /* technicalTestMVPUITests.swift */,
				4CBCBF0F295433B000683D2A /* technicalTestMVPUITestsLaunchTests.swift */,
			);
			path = technicalTestMVPUITests;
			sourceTree = "<group>";
		};
		4CBCBF1D2954384700683D2A /* Models */ = {
			isa = PBXGroup;
			children = (
				4CBCBF212954387400683D2A /* TransactionsModel.swift */,
			);
			path = Models;
			sourceTree = "<group>";
		};
		4CBCBF1E2954384E00683D2A /* Presenters */ = {
			isa = PBXGroup;
			children = (
				4CBCBEF0295433AD00683D2A /* TransactionsPresenter.swift */,
			);
			path = Presenters;
			sourceTree = "<group>";
		};
		4CBCBF1F2954385400683D2A /* Views */ = {
			isa = PBXGroup;
			children = (
				4CBCBF23295438A900683D2A /* TransactionsView.swift */,
				4CBCBF2729543B3B00683D2A /* TransactionCell.swift */,
				4CBCBF2829543B3B00683D2A /* TransactionCell.xib */,
				4CBCBF2B2954421100683D2A /* TransactionsView.xib */,
			);
			path = Views;
			sourceTree = "<group>";
		};
		60957C2F146ACA87E513C754 /* Frameworks */ = {
			isa = PBXGroup;
			children = (
				10094607E871929EF66609C9 /* Pods_technicalTestMVP.framework */,
				00AF4B3345B12F64527A0D8A /* Pods_technicalTestMVP_technicalTestMVPUITests.framework */,
				09C47D6BB4851923101A4285 /* Pods_technicalTestMVPTests.framework */,
			);
			name = Frameworks;
			sourceTree = "<group>";
		};
		A088F6131D799A82469F7BBD /* Pods */ = {
			isa = PBXGroup;
			children = (
				E756667B95205AED4D4A7925 /* Pods-technicalTestMVP.debug.xcconfig */,
				EAA13184688DC9169461F785 /* Pods-technicalTestMVP.release.xcconfig */,
				33D30CD2F0DD3BAF67DD1A64 /* Pods-technicalTestMVP-technicalTestMVPUITests.debug.xcconfig */,
				9350FD57DF7549476F6C2269 /* Pods-technicalTestMVP-technicalTestMVPUITests.release.xcconfig */,
				F26E9D7BDD68911F6B7043C7 /* Pods-technicalTestMVPTests.debug.xcconfig */,
				3A5E9B5D14EC5209E4F09FF5 /* Pods-technicalTestMVPTests.release.xcconfig */,
			);
			path = Pods;
			sourceTree = "<group>";
		};
/* End PBXGroup section */

/* Begin PBXNativeTarget section */
		4CBCBEE8295433AD00683D2A /* technicalTestMVP */ = {
			isa = PBXNativeTarget;
			buildConfigurationList = 4CBCBF13295433B000683D2A /* Build configuration list for PBXNativeTarget "technicalTestMVP" */;
			buildPhases = (
				2D4C6411EBFA9E15C25EEE3D /* [CP] Check Pods Manifest.lock */,
				4CBCBEE5295433AD00683D2A /* Sources */,
				4CBCBEE6295433AD00683D2A /* Frameworks */,
				4CBCBEE7295433AD00683D2A /* Resources */,
				27D14E512BF124EE5098A918 /* [CP] Embed Pods Frameworks */,
			);
			buildRules = (
			);
			dependencies = (
			);
			name = technicalTestMVP;
			productName = technicalTestMVP;
			productReference = 4CBCBEE9295433AD00683D2A /* technicalTestMVP.app */;
			productType = "com.apple.product-type.application";
		};
		4CBCBEFE295433B000683D2A /* technicalTestMVPTests */ = {
			isa = PBXNativeTarget;
			buildConfigurationList = 4CBCBF16295433B000683D2A /* Build configuration list for PBXNativeTarget "technicalTestMVPTests" */;
			buildPhases = (
				F617AFC6168B214DF5668B6C /* [CP] Check Pods Manifest.lock */,
				4CBCBEFB295433B000683D2A /* Sources */,
				4CBCBEFC295433B000683D2A /* Frameworks */,
				4CBCBEFD295433B000683D2A /* Resources */,
			);
			buildRules = (
			);
			dependencies = (
				4CBCBF01295433B000683D2A /* PBXTargetDependency */,
			);
			name = technicalTestMVPTests;
			productName = technicalTestMVPTests;
			productReference = 4CBCBEFF295433B000683D2A /* technicalTestMVPTests.xctest */;
			productType = "com.apple.product-type.bundle.unit-test";
		};
		4CBCBF08295433B000683D2A /* technicalTestMVPUITests */ = {
			isa = PBXNativeTarget;
			buildConfigurationList = 4CBCBF19295433B000683D2A /* Build configuration list for PBXNativeTarget "technicalTestMVPUITests" */;
			buildPhases = (
				233EF0CC8A00509186DC6AF5 /* [CP] Check Pods Manifest.lock */,
				4CBCBF05295433B000683D2A /* Sources */,
				4CBCBF06295433B000683D2A /* Frameworks */,
				4CBCBF07295433B000683D2A /* Resources */,
				B2A6C56F2B519AC0396C2C1D /* [CP] Embed Pods Frameworks */,
			);
			buildRules = (
			);
			dependencies = (
				4CBCBF0B295433B000683D2A /* PBXTargetDependency */,
			);
			name = technicalTestMVPUITests;
			productName = technicalTestMVPUITests;
			productReference = 4CBCBF09295433B000683D2A /* technicalTestMVPUITests.xctest */;
			productType = "com.apple.product-type.bundle.ui-testing";
		};
/* End PBXNativeTarget section */

/* Begin PBXProject section */
		4CBCBEE1295433AC00683D2A /* Project object */ = {
			isa = PBXProject;
			attributes = {
				BuildIndependentTargetsInParallel = 1;
				LastSwiftUpdateCheck = 1400;
				LastUpgradeCheck = 1400;
				TargetAttributes = {
					4CBCBEE8295433AD00683D2A = {
						CreatedOnToolsVersion = 14.0.1;
					};
					4CBCBEFE295433B000683D2A = {
						CreatedOnToolsVersion = 14.0.1;
						TestTargetID = 4CBCBEE8295433AD00683D2A;
					};
					4CBCBF08295433B000683D2A = {
						CreatedOnToolsVersion = 14.0.1;
						TestTargetID = 4CBCBEE8295433AD00683D2A;
					};
				};
			};
			buildConfigurationList = 4CBCBEE4295433AC00683D2A /* Build configuration list for PBXProject "technicalTestMVP" */;
			compatibilityVersion = "Xcode 14.0";
			developmentRegion = en;
			hasScannedForEncodings = 0;
			knownRegions = (
				en,
				Base,
			);
			mainGroup = 4CBCBEE0295433AC00683D2A;
			productRefGroup = 4CBCBEEA295433AD00683D2A /* Products */;
			projectDirPath = "";
			projectRoot = "";
			targets = (
				4CBCBEE8295433AD00683D2A /* technicalTestMVP */,
				4CBCBEFE295433B000683D2A /* technicalTestMVPTests */,
				4CBCBF08295433B000683D2A /* technicalTestMVPUITests */,
			);
		};
/* End PBXProject section */

/* Begin PBXResourcesBuildPhase section */
		4CBCBEE7295433AD00683D2A /* Resources */ = {
			isa = PBXResourcesBuildPhase;
			buildActionMask = 2147483647;
			files = (
				4CBCBEF9295433AF00683D2A /* LaunchScreen.storyboard in Resources */,
				4CBCBEF6295433AF00683D2A /* Assets.xcassets in Resources */,
				4CBCBF2C2954421100683D2A /* TransactionsView.xib in Resources */,
				4CBCBF2A29543B3B00683D2A /* TransactionCell.xib in Resources */,
			);
			runOnlyForDeploymentPostprocessing = 0;
		};
		4CBCBEFD295433B000683D2A /* Resources */ = {
			isa = PBXResourcesBuildPhase;
			buildActionMask = 2147483647;
			files = (
			);
			runOnlyForDeploymentPostprocessing = 0;
		};
		4CBCBF07295433B000683D2A /* Resources */ = {
			isa = PBXResourcesBuildPhase;
			buildActionMask = 2147483647;
			files = (
			);
			runOnlyForDeploymentPostprocessing = 0;
		};
/* End PBXResourcesBuildPhase section */

/* Begin PBXShellScriptBuildPhase section */
		233EF0CC8A00509186DC6AF5 /* [CP] Check Pods Manifest.lock */ = {
			isa = PBXShellScriptBuildPhase;
			buildActionMask = 2147483647;
			files = (
			);
			inputFileListPaths = (
			);
			inputPaths = (
				"${PODS_PODFILE_DIR_PATH}/Podfile.lock",
				"${PODS_ROOT}/Manifest.lock",
			);
			name = "[CP] Check Pods Manifest.lock";
			outputFileListPaths = (
			);
			outputPaths = (
				"$(DERIVED_FILE_DIR)/Pods-technicalTestMVP-technicalTestMVPUITests-checkManifestLockResult.txt",
			);
			runOnlyForDeploymentPostprocessing = 0;
			shellPath = /bin/sh;
			shellScript = "diff \"${PODS_PODFILE_DIR_PATH}/Podfile.lock\" \"${PODS_ROOT}/Manifest.lock\" > /dev/null\nif [ $? != 0 ] ; then\n    # print error to STDERR\n    echo \"error: The sandbox is not in sync with the Podfile.lock. Run 'pod install' or update your CocoaPods installation.\" >&2\n    exit 1\nfi\n# This output is used by Xcode 'outputs' to avoid re-running this script phase.\necho \"SUCCESS\" > \"${SCRIPT_OUTPUT_FILE_0}\"\n";
			showEnvVarsInLog = 0;
		};
		27D14E512BF124EE5098A918 /* [CP] Embed Pods Frameworks */ = {
			isa = PBXShellScriptBuildPhase;
			buildActionMask = 2147483647;
			files = (
			);
			inputFileListPaths = (
				"${PODS_ROOT}/Target Support Files/Pods-technicalTestMVP/Pods-technicalTestMVP-frameworks-${CONFIGURATION}-input-files.xcfilelist",
			);
			name = "[CP] Embed Pods Frameworks";
			outputFileListPaths = (
				"${PODS_ROOT}/Target Support Files/Pods-technicalTestMVP/Pods-technicalTestMVP-frameworks-${CONFIGURATION}-output-files.xcfilelist",
			);
			runOnlyForDeploymentPostprocessing = 0;
			shellPath = /bin/sh;
			shellScript = "\"${PODS_ROOT}/Target Support Files/Pods-technicalTestMVP/Pods-technicalTestMVP-frameworks.sh\"\n";
			showEnvVarsInLog = 0;
		};
		2D4C6411EBFA9E15C25EEE3D /* [CP] Check Pods Manifest.lock */ = {
			isa = PBXShellScriptBuildPhase;
			buildActionMask = 2147483647;
			files = (
			);
			inputFileListPaths = (
			);
			inputPaths = (
				"${PODS_PODFILE_DIR_PATH}/Podfile.lock",
				"${PODS_ROOT}/Manifest.lock",
			);
			name = "[CP] Check Pods Manifest.lock";
			outputFileListPaths = (
			);
			outputPaths = (
				"$(DERIVED_FILE_DIR)/Pods-technicalTestMVP-checkManifestLockResult.txt",
			);
			runOnlyForDeploymentPostprocessing = 0;
			shellPath = /bin/sh;
			shellScript = "diff \"${PODS_PODFILE_DIR_PATH}/Podfile.lock\" \"${PODS_ROOT}/Manifest.lock\" > /dev/null\nif [ $? != 0 ] ; then\n    # print error to STDERR\n    echo \"error: The sandbox is not in sync with the Podfile.lock. Run 'pod install' or update your CocoaPods installation.\" >&2\n    exit 1\nfi\n# This output is used by Xcode 'outputs' to avoid re-running this script phase.\necho \"SUCCESS\" > \"${SCRIPT_OUTPUT_FILE_0}\"\n";
			showEnvVarsInLog = 0;
		};
		B2A6C56F2B519AC0396C2C1D /* [CP] Embed Pods Frameworks */ = {
			isa = PBXShellScriptBuildPhase;
			buildActionMask = 2147483647;
			files = (
			);
			inputFileListPaths = (
				"${PODS_ROOT}/Target Support Files/Pods-technicalTestMVP-technicalTestMVPUITests/Pods-technicalTestMVP-technicalTestMVPUITests-frameworks-${CONFIGURATION}-input-files.xcfilelist",
			);
			name = "[CP] Embed Pods Frameworks";
			outputFileListPaths = (
				"${PODS_ROOT}/Target Support Files/Pods-technicalTestMVP-technicalTestMVPUITests/Pods-technicalTestMVP-technicalTestMVPUITests-frameworks-${CONFIGURATION}-output-files.xcfilelist",
			);
			runOnlyForDeploymentPostprocessing = 0;
			shellPath = /bin/sh;
			shellScript = "\"${PODS_ROOT}/Target Support Files/Pods-technicalTestMVP-technicalTestMVPUITests/Pods-technicalTestMVP-technicalTestMVPUITests-frameworks.sh\"\n";
			showEnvVarsInLog = 0;
		};
		F617AFC6168B214DF5668B6C /* [CP] Check Pods Manifest.lock */ = {
			isa = PBXShellScriptBuildPhase;
			buildActionMask = 2147483647;
			files = (
			);
			inputFileListPaths = (
			);
			inputPaths = (
				"${PODS_PODFILE_DIR_PATH}/Podfile.lock",
				"${PODS_ROOT}/Manifest.lock",
			);
			name = "[CP] Check Pods Manifest.lock";
			outputFileListPaths = (
			);
			outputPaths = (
				"$(DERIVED_FILE_DIR)/Pods-technicalTestMVPTests-checkManifestLockResult.txt",
			);
			runOnlyForDeploymentPostprocessing = 0;
			shellPath = /bin/sh;
			shellScript = "diff \"${PODS_PODFILE_DIR_PATH}/Podfile.lock\" \"${PODS_ROOT}/Manifest.lock\" > /dev/null\nif [ $? != 0 ] ; then\n    # print error to STDERR\n    echo \"error: The sandbox is not in sync with the Podfile.lock. Run 'pod install' or update your CocoaPods installation.\" >&2\n    exit 1\nfi\n# This output is used by Xcode 'outputs' to avoid re-running this script phase.\necho \"SUCCESS\" > \"${SCRIPT_OUTPUT_FILE_0}\"\n";
			showEnvVarsInLog = 0;
		};
/* End PBXShellScriptBuildPhase section */

/* Begin PBXSourcesBuildPhase section */
		4CBCBEE5295433AD00683D2A /* Sources */ = {
			isa = PBXSourcesBuildPhase;
			buildActionMask = 2147483647;
			files = (
				4CBCBEF1295433AD00683D2A /* TransactionsPresenter.swift in Sources */,
				4CBCBEED295433AD00683D2A /* AppDelegate.swift in Sources */,
				4CBCBF2929543B3B00683D2A /* TransactionCell.swift in Sources */,
				4CE5D8DB295AD2AA00D38762 /* NetworkManager.swift in Sources */,
				4CBCBF24295438A900683D2A /* TransactionsView.swift in Sources */,
				4CBCBEEF295433AD00683D2A /* SceneDelegate.swift in Sources */,
				4CBCBF222954387400683D2A /* TransactionsModel.swift in Sources */,
			);
			runOnlyForDeploymentPostprocessing = 0;
		};
		4CBCBEFB295433B000683D2A /* Sources */ = {
			isa = PBXSourcesBuildPhase;
			buildActionMask = 2147483647;
			files = (
				4C0D7544296427EB00352876 /* NetworkManagerMock.swift in Sources */,
				4CBCBF04295433B000683D2A /* technicalTestMVPTests.swift in Sources */,
			);
			runOnlyForDeploymentPostprocessing = 0;
		};
		4CBCBF05295433B000683D2A /* Sources */ = {
			isa = PBXSourcesBuildPhase;
			buildActionMask = 2147483647;
			files = (
				4CBCBF10295433B000683D2A /* technicalTestMVPUITestsLaunchTests.swift in Sources */,
				4CBCBF0E295433B000683D2A /* technicalTestMVPUITests.swift in Sources */,
			);
			runOnlyForDeploymentPostprocessing = 0;
		};
/* End PBXSourcesBuildPhase section */

/* Begin PBXTargetDependency section */
		4CBCBF01295433B000683D2A /* PBXTargetDependency */ = {
			isa = PBXTargetDependency;
			target = 4CBCBEE8295433AD00683D2A /* technicalTestMVP */;
			targetProxy = 4CBCBF00295433B000683D2A /* PBXContainerItemProxy */;
		};
		4CBCBF0B295433B000683D2A /* PBXTargetDependency */ = {
			isa = PBXTargetDependency;
			target = 4CBCBEE8295433AD00683D2A /* technicalTestMVP */;
			targetProxy = 4CBCBF0A295433B000683D2A /* PBXContainerItemProxy */;
		};
/* End PBXTargetDependency section */

/* Begin PBXVariantGroup section */
		4CBCBEF7295433AF00683D2A /* LaunchScreen.storyboard */ = {
			isa = PBXVariantGroup;
			children = (
				4CBCBEF8295433AF00683D2A /* Base */,
			);
			name = LaunchScreen.storyboard;
			sourceTree = "<group>";
		};
/* End PBXVariantGroup section */

/* Begin XCBuildConfiguration section */
		4CBCBF11295433B000683D2A /* Debug */ = {
			isa = XCBuildConfiguration;
			buildSettings = {
				ALWAYS_SEARCH_USER_PATHS = NO;
				CLANG_ANALYZER_NONNULL = YES;
				CLANG_ANALYZER_NUMBER_OBJECT_CONVERSION = YES_AGGRESSIVE;
				CLANG_CXX_LANGUAGE_STANDARD = "gnu++20";
				CLANG_ENABLE_MODULES = YES;
				CLANG_ENABLE_OBJC_ARC = YES;
				CLANG_ENABLE_OBJC_WEAK = YES;
				CLANG_WARN_BLOCK_CAPTURE_AUTORELEASING = YES;
				CLANG_WARN_BOOL_CONVERSION = YES;
				CLANG_WARN_COMMA = YES;
				CLANG_WARN_CONSTANT_CONVERSION = YES;
				CLANG_WARN_DEPRECATED_OBJC_IMPLEMENTATIONS = YES;
				CLANG_WARN_DIRECT_OBJC_ISA_USAGE = YES_ERROR;
				CLANG_WARN_DOCUMENTATION_COMMENTS = YES;
				CLANG_WARN_EMPTY_BODY = YES;
				CLANG_WARN_ENUM_CONVERSION = YES;
				CLANG_WARN_INFINITE_RECURSION = YES;
				CLANG_WARN_INT_CONVERSION = YES;
				CLANG_WARN_NON_LITERAL_NULL_CONVERSION = YES;
				CLANG_WARN_OBJC_IMPLICIT_RETAIN_SELF = YES;
				CLANG_WARN_OBJC_LITERAL_CONVERSION = YES;
				CLANG_WARN_OBJC_ROOT_CLASS = YES_ERROR;
				CLANG_WARN_QUOTED_INCLUDE_IN_FRAMEWORK_HEADER = YES;
				CLANG_WARN_RANGE_LOOP_ANALYSIS = YES;
				CLANG_WARN_STRICT_PROTOTYPES = YES;
				CLANG_WARN_SUSPICIOUS_MOVE = YES;
				CLANG_WARN_UNGUARDED_AVAILABILITY = YES_AGGRESSIVE;
				CLANG_WARN_UNREACHABLE_CODE = YES;
				CLANG_WARN__DUPLICATE_METHOD_MATCH = YES;
				COPY_PHASE_STRIP = NO;
				DEBUG_INFORMATION_FORMAT = dwarf;
				ENABLE_STRICT_OBJC_MSGSEND = YES;
				ENABLE_TESTABILITY = YES;
				GCC_C_LANGUAGE_STANDARD = gnu11;
				GCC_DYNAMIC_NO_PIC = NO;
				GCC_NO_COMMON_BLOCKS = YES;
				GCC_OPTIMIZATION_LEVEL = 0;
				GCC_PREPROCESSOR_DEFINITIONS = (
					"DEBUG=1",
					"$(inherited)",
				);
				GCC_WARN_64_TO_32_BIT_CONVERSION = YES;
				GCC_WARN_ABOUT_RETURN_TYPE = YES_ERROR;
				GCC_WARN_UNDECLARED_SELECTOR = YES;
				GCC_WARN_UNINITIALIZED_AUTOS = YES_AGGRESSIVE;
				GCC_WARN_UNUSED_FUNCTION = YES;
				GCC_WARN_UNUSED_VARIABLE = YES;
				IPHONEOS_DEPLOYMENT_TARGET = 16.0;
				MTL_ENABLE_DEBUG_INFO = INCLUDE_SOURCE;
				MTL_FAST_MATH = YES;
				ONLY_ACTIVE_ARCH = YES;
				SDKROOT = iphoneos;
				SWIFT_ACTIVE_COMPILATION_CONDITIONS = DEBUG;
				SWIFT_OPTIMIZATION_LEVEL = "-Onone";
			};
			name = Debug;
		};
		4CBCBF12295433B000683D2A /* Release */ = {
			isa = XCBuildConfiguration;
			buildSettings = {
				ALWAYS_SEARCH_USER_PATHS = NO;
				CLANG_ANALYZER_NONNULL = YES;
				CLANG_ANALYZER_NUMBER_OBJECT_CONVERSION = YES_AGGRESSIVE;
				CLANG_CXX_LANGUAGE_STANDARD = "gnu++20";
				CLANG_ENABLE_MODULES = YES;
				CLANG_ENABLE_OBJC_ARC = YES;
				CLANG_ENABLE_OBJC_WEAK = YES;
				CLANG_WARN_BLOCK_CAPTURE_AUTORELEASING = YES;
				CLANG_WARN_BOOL_CONVERSION = YES;
				CLANG_WARN_COMMA = YES;
				CLANG_WARN_CONSTANT_CONVERSION = YES;
				CLANG_WARN_DEPRECATED_OBJC_IMPLEMENTATIONS = YES;
				CLANG_WARN_DIRECT_OBJC_ISA_USAGE = YES_ERROR;
				CLANG_WARN_DOCUMENTATION_COMMENTS = YES;
				CLANG_WARN_EMPTY_BODY = YES;
				CLANG_WARN_ENUM_CONVERSION = YES;
				CLANG_WARN_INFINITE_RECURSION = YES;
				CLANG_WARN_INT_CONVERSION = YES;
				CLANG_WARN_NON_LITERAL_NULL_CONVERSION = YES;
				CLANG_WARN_OBJC_IMPLICIT_RETAIN_SELF = YES;
				CLANG_WARN_OBJC_LITERAL_CONVERSION = YES;
				CLANG_WARN_OBJC_ROOT_CLASS = YES_ERROR;
				CLANG_WARN_QUOTED_INCLUDE_IN_FRAMEWORK_HEADER = YES;
				CLANG_WARN_RANGE_LOOP_ANALYSIS = YES;
				CLANG_WARN_STRICT_PROTOTYPES = YES;
				CLANG_WARN_SUSPICIOUS_MOVE = YES;
				CLANG_WARN_UNGUARDED_AVAILABILITY = YES_AGGRESSIVE;
				CLANG_WARN_UNREACHABLE_CODE = YES;
				CLANG_WARN__DUPLICATE_METHOD_MATCH = YES;
				COPY_PHASE_STRIP = NO;
				DEBUG_INFORMATION_FORMAT = "dwarf-with-dsym";
				ENABLE_NS_ASSERTIONS = NO;
				ENABLE_STRICT_OBJC_MSGSEND = YES;
				GCC_C_LANGUAGE_STANDARD = gnu11;
				GCC_NO_COMMON_BLOCKS = YES;
				GCC_WARN_64_TO_32_BIT_CONVERSION = YES;
				GCC_WARN_ABOUT_RETURN_TYPE = YES_ERROR;
				GCC_WARN_UNDECLARED_SELECTOR = YES;
				GCC_WARN_UNINITIALIZED_AUTOS = YES_AGGRESSIVE;
				GCC_WARN_UNUSED_FUNCTION = YES;
				GCC_WARN_UNUSED_VARIABLE = YES;
				IPHONEOS_DEPLOYMENT_TARGET = 16.0;
				MTL_ENABLE_DEBUG_INFO = NO;
				MTL_FAST_MATH = YES;
				SDKROOT = iphoneos;
				SWIFT_COMPILATION_MODE = wholemodule;
				SWIFT_OPTIMIZATION_LEVEL = "-O";
				VALIDATE_PRODUCT = YES;
			};
			name = Release;
		};
		4CBCBF14295433B000683D2A /* Debug */ = {
			isa = XCBuildConfiguration;
			baseConfigurationReference = E756667B95205AED4D4A7925 /* Pods-technicalTestMVP.debug.xcconfig */;
			buildSettings = {
				ASSETCATALOG_COMPILER_APPICON_NAME = AppIcon;
				ASSETCATALOG_COMPILER_GLOBAL_ACCENT_COLOR_NAME = AccentColor;
				CODE_SIGN_STYLE = Automatic;
				CURRENT_PROJECT_VERSION = 1;
				DEVELOPMENT_TEAM = 38ULKJJ54A;
				GENERATE_INFOPLIST_FILE = YES;
				INFOPLIST_FILE = technicalTestMVP/Info.plist;
				INFOPLIST_KEY_UIApplicationSupportsIndirectInputEvents = YES;
				INFOPLIST_KEY_UILaunchStoryboardName = LaunchScreen;
				INFOPLIST_KEY_UISupportedInterfaceOrientations_iPad = "UIInterfaceOrientationPortrait UIInterfaceOrientationPortraitUpsideDown UIInterfaceOrientationLandscapeLeft UIInterfaceOrientationLandscapeRight";
				INFOPLIST_KEY_UISupportedInterfaceOrientations_iPhone = "UIInterfaceOrientationPortrait UIInterfaceOrientationLandscapeLeft UIInterfaceOrientationLandscapeRight";
				LD_RUNPATH_SEARCH_PATHS = (
					"$(inherited)",
					"@executable_path/Frameworks",
				);
				MARKETING_VERSION = 1.0;
				PRODUCT_BUNDLE_IDENTIFIER = com.herrero.technicalTestMVP;
				PRODUCT_NAME = "$(TARGET_NAME)";
				SWIFT_EMIT_LOC_STRINGS = YES;
				SWIFT_VERSION = 5.0;
				TARGETED_DEVICE_FAMILY = "1,2";
			};
			name = Debug;
		};
		4CBCBF15295433B000683D2A /* Release */ = {
			isa = XCBuildConfiguration;
			baseConfigurationReference = EAA13184688DC9169461F785 /* Pods-technicalTestMVP.release.xcconfig */;
			buildSettings = {
				ASSETCATALOG_COMPILER_APPICON_NAME = AppIcon;
				ASSETCATALOG_COMPILER_GLOBAL_ACCENT_COLOR_NAME = AccentColor;
				CODE_SIGN_STYLE = Automatic;
				CURRENT_PROJECT_VERSION = 1;
				DEVELOPMENT_TEAM = 38ULKJJ54A;
				GENERATE_INFOPLIST_FILE = YES;
				INFOPLIST_FILE = technicalTestMVP/Info.plist;
				INFOPLIST_KEY_UIApplicationSupportsIndirectInputEvents = YES;
				INFOPLIST_KEY_UILaunchStoryboardName = LaunchScreen;
				INFOPLIST_KEY_UISupportedInterfaceOrientations_iPad = "UIInterfaceOrientationPortrait UIInterfaceOrientationPortraitUpsideDown UIInterfaceOrientationLandscapeLeft UIInterfaceOrientationLandscapeRight";
				INFOPLIST_KEY_UISupportedInterfaceOrientations_iPhone = "UIInterfaceOrientationPortrait UIInterfaceOrientationLandscapeLeft UIInterfaceOrientationLandscapeRight";
				LD_RUNPATH_SEARCH_PATHS = (
					"$(inherited)",
					"@executable_path/Frameworks",
				);
				MARKETING_VERSION = 1.0;
				PRODUCT_BUNDLE_IDENTIFIER = com.herrero.technicalTestMVP;
				PRODUCT_NAME = "$(TARGET_NAME)";
				SWIFT_EMIT_LOC_STRINGS = YES;
				SWIFT_VERSION = 5.0;
				TARGETED_DEVICE_FAMILY = "1,2";
			};
			name = Release;
		};
		4CBCBF17295433B000683D2A /* Debug */ = {
			isa = XCBuildConfiguration;
			baseConfigurationReference = F26E9D7BDD68911F6B7043C7 /* Pods-technicalTestMVPTests.debug.xcconfig */;
			buildSettings = {
				ALWAYS_EMBED_SWIFT_STANDARD_LIBRARIES = YES;
				BUNDLE_LOADER = "$(TEST_HOST)";
				CODE_SIGN_STYLE = Automatic;
				CURRENT_PROJECT_VERSION = 1;
				DEVELOPMENT_TEAM = 38ULKJJ54A;
				GENERATE_INFOPLIST_FILE = YES;
				IPHONEOS_DEPLOYMENT_TARGET = 16.0;
				MARKETING_VERSION = 1.0;
				PRODUCT_BUNDLE_IDENTIFIER = com.herrero.technicalTestMVPTests;
				PRODUCT_NAME = "$(TARGET_NAME)";
				SWIFT_EMIT_LOC_STRINGS = NO;
				SWIFT_VERSION = 5.0;
				TARGETED_DEVICE_FAMILY = "1,2";
				TEST_HOST = "$(BUILT_PRODUCTS_DIR)/technicalTestMVP.app/$(BUNDLE_EXECUTABLE_FOLDER_PATH)/technicalTestMVP";
			};
			name = Debug;
		};
		4CBCBF18295433B000683D2A /* Release */ = {
			isa = XCBuildConfiguration;
			baseConfigurationReference = 3A5E9B5D14EC5209E4F09FF5 /* Pods-technicalTestMVPTests.release.xcconfig */;
			buildSettings = {
				ALWAYS_EMBED_SWIFT_STANDARD_LIBRARIES = YES;
				BUNDLE_LOADER = "$(TEST_HOST)";
				CODE_SIGN_STYLE = Automatic;
				CURRENT_PROJECT_VERSION = 1;
				DEVELOPMENT_TEAM = 38ULKJJ54A;
				GENERATE_INFOPLIST_FILE = YES;
				IPHONEOS_DEPLOYMENT_TARGET = 16.0;
				MARKETING_VERSION = 1.0;
				PRODUCT_BUNDLE_IDENTIFIER = com.herrero.technicalTestMVPTests;
				PRODUCT_NAME = "$(TARGET_NAME)";
				SWIFT_EMIT_LOC_STRINGS = NO;
				SWIFT_VERSION = 5.0;
				TARGETED_DEVICE_FAMILY = "1,2";
				TEST_HOST = "$(BUILT_PRODUCTS_DIR)/technicalTestMVP.app/$(BUNDLE_EXECUTABLE_FOLDER_PATH)/technicalTestMVP";
			};
			name = Release;
		};
		4CBCBF1A295433B000683D2A /* Debug */ = {
			isa = XCBuildConfiguration;
			baseConfigurationReference = 33D30CD2F0DD3BAF67DD1A64 /* Pods-technicalTestMVP-technicalTestMVPUITests.debug.xcconfig */;
			buildSettings = {
				ALWAYS_EMBED_SWIFT_STANDARD_LIBRARIES = YES;
				CODE_SIGN_STYLE = Automatic;
				CURRENT_PROJECT_VERSION = 1;
				DEVELOPMENT_TEAM = 38ULKJJ54A;
				GENERATE_INFOPLIST_FILE = YES;
				MARKETING_VERSION = 1.0;
				PRODUCT_BUNDLE_IDENTIFIER = com.herrero.technicalTestMVPUITests;
				PRODUCT_NAME = "$(TARGET_NAME)";
				SWIFT_EMIT_LOC_STRINGS = NO;
				SWIFT_VERSION = 5.0;
				TARGETED_DEVICE_FAMILY = "1,2";
				TEST_TARGET_NAME = technicalTestMVP;
			};
			name = Debug;
		};
		4CBCBF1B295433B000683D2A /* Release */ = {
			isa = XCBuildConfiguration;
			baseConfigurationReference = 9350FD57DF7549476F6C2269 /* Pods-technicalTestMVP-technicalTestMVPUITests.release.xcconfig */;
			buildSettings = {
				ALWAYS_EMBED_SWIFT_STANDARD_LIBRARIES = YES;
				CODE_SIGN_STYLE = Automatic;
				CURRENT_PROJECT_VERSION = 1;
				DEVELOPMENT_TEAM = 38ULKJJ54A;
				GENERATE_INFOPLIST_FILE = YES;
				MARKETING_VERSION = 1.0;
				PRODUCT_BUNDLE_IDENTIFIER = com.herrero.technicalTestMVPUITests;
				PRODUCT_NAME = "$(TARGET_NAME)";
				SWIFT_EMIT_LOC_STRINGS = NO;
				SWIFT_VERSION = 5.0;
				TARGETED_DEVICE_FAMILY = "1,2";
				TEST_TARGET_NAME = technicalTestMVP;
			};
			name = Release;
		};
/* End XCBuildConfiguration section */

/* Begin XCConfigurationList section */
		4CBCBEE4295433AC00683D2A /* Build configuration list for PBXProject "technicalTestMVP" */ = {
			isa = XCConfigurationList;
			buildConfigurations = (
				4CBCBF11295433B000683D2A /* Debug */,
				4CBCBF12295433B000683D2A /* Release */,
			);
			defaultConfigurationIsVisible = 0;
			defaultConfigurationName = Release;
		};
		4CBCBF13295433B000683D2A /* Build configuration list for PBXNativeTarget "technicalTestMVP" */ = {
			isa = XCConfigurationList;
			buildConfigurations = (
				4CBCBF14295433B000683D2A /* Debug */,
				4CBCBF15295433B000683D2A /* Release */,
			);
			defaultConfigurationIsVisible = 0;
			defaultConfigurationName = Release;
		};
		4CBCBF16295433B000683D2A /* Build configuration list for PBXNativeTarget "technicalTestMVPTests" */ = {
			isa = XCConfigurationList;
			buildConfigurations = (
				4CBCBF17295433B000683D2A /* Debug */,
				4CBCBF18295433B000683D2A /* Release */,
			);
			defaultConfigurationIsVisible = 0;
			defaultConfigurationName = Release;
		};
		4CBCBF19295433B000683D2A /* Build configuration list for PBXNativeTarget "technicalTestMVPUITests" */ = {
			isa = XCConfigurationList;
			buildConfigurations = (
				4CBCBF1A295433B000683D2A /* Debug */,
				4CBCBF1B295433B000683D2A /* Release */,
			);
			defaultConfigurationIsVisible = 0;
			defaultConfigurationName = Release;
		};
/* End XCConfigurationList section */
	};
	rootObject = 4CBCBEE1295433AC00683D2A /* Project object */;
}
